github.com/asyncapi/converter-go v0.0.0-20190802111537-d8459b2bd403 h1:HhobldPK/8Cnhliwl744pXSfyjtF956/vOJLyJ8mrXk=
github.com/asyncapi/converter-go v0.0.0-20190802111537-d8459b2bd403/go.mod h1:mpJYWYy+USNiLENQxiyGgRc3qtFPxYSWdSd/eS+R6bo=
github.com/asyncapi/parser v0.0.0-20190506150237-e2e785dfad03 h1:nqzuS4kNW6o0/A+iHqStck5aSImOp/TBztePNnsZC60=
github.com/asyncapi/parser v0.0.0-20190506150237-e2e785dfad03/go.mod h1:sZVZ4a3akcnl9BCInzmBwD+CDRc9ElIlflsoxXgQXkw=
github.com/asyncapi/parser v0.0.0-20190916122344-ef6526d42c40 h1:/feR/iy1om86QPVmKIGFPmh8llkzfzTqwgon14yVBvo=
github.com/asyncapi/parser v0.0.0-20190916122344-ef6526d42c40/go.mod h1:MuJ++ZbwZV7Di4OtSGtgAe2whaMEZjYBPVnf8U/Qvo4=
github.com/awalterschulze/gographviz v0.0.0-20170410065617-c84395e536e1/go.mod h1:GEV5wmg4YquNw7v1kkyoX9etIk8yVmXj+AkDHuuETHs=
github.com/chewxy/hm v1.0.0/go.mod h1:qg9YI4q6Fkj/whwHR1D+bOGeF7SniIP40VweVepLjg0=
github.com/chewxy/math32 v1.0.0/go.mod h1:Miac6hA1ohdDUTagnvJy/q+aNnEk16qWUdb8ZVhvCN0=
github.com/davecgh/go-spew v1.1.0/go.mod h1:J7Y8YcW2NihsgmVo/mv3lAwl/skON4iLHjSsI+c5H38=
github.com/davecgh/go-spew v1.1.1/go.mod h1:J7Y8YcW2NihsgmVo/mv3lAwl/skON4iLHjSsI+c5H38=
github.com/davecgh/go-spew v1.1.2-0.20180830191138-d8f796af33cc h1:U9qPSI2PIWSS1VwoXQT9A3Wy9MM3WgvqSxFWenqJduM=
github.com/davecgh/go-spew v1.1.2-0.20180830191138-d8f796af33cc/go.mod h1:J7Y8YcW2NihsgmVo/mv3lAwl/skON4iLHjSsI+c5H38=
github.com/dgrijalva/jwt-go v3.2.0+incompatible h1:7qlOGliEKZXTDg6OTjfoBKDXWrumCAMpl/TFQ4/5kLM=
github.com/dgrijalva/jwt-go v3.2.0+incompatible/go.mod h1:E3ru+11k8xSBh+hMPgOLZmtrrCbhqsmaPHjLKYnJCaQ=
github.com/docopt/docopt-go v0.0.0-20180111231733-ee0de3bc6815/go.mod h1:WwZ+bS3ebgob9U8Nd0kOddGdZWjyMGR8Wziv+TBNwSE=
github.com/fsnotify/fsnotify v1.4.7/go.mod h1:jwhsz4b93w/PPRr/qN1Yymfu8t87LnFCMoQvtojpjFo=
github.com/ghodss/yaml v1.0.0 h1:wQHKEahhL6wmXdzwWG11gIVCkOv05bNOh+Rxn0yngAk=
github.com/ghodss/yaml v1.0.0/go.mod h1:4dBDuWmgqj2HViK6kFavaiC9ZROes6MMH2rRYeMEF04=
github.com/gogo/protobuf v1.1.1/go.mod h1:r8qH/GZQm5c6nD/R0oafs1akxWv10x8SbQlK7atdtwQ=
github.com/golang/protobuf v1.2.0/go.mod h1:6lQm79b+lXiMfvg/cZm0SGofjICqVBUtrP5yJMmIC1U=
github.com/gonum/blas v0.0.0-20180125090452-e7c5890b24cf/go.mod h1:P32wAyui1PQ58Oce/KYkOqQv8cVw1zAapXOl+dRFGbc=
github.com/google/flatbuffers v1.10.0/go.mod h1:1AeVuKshWv4vARoZatz6mlQ0JxURH0Kv5+zNeJKJCa8=
github.com/google/go-cmp v0.2.0 h1:+dTQ8DZQJz0Mb/HjFlkptS1FeQ4cWSnN941F8aEG4SQ=
github.com/google/go-cmp v0.2.0/go.mod h1:oXzfMopK8JAjlY9xF4vHSVASa0yLyX7SntLO5aqRK0M=
github.com/hpcloud/tail v1.0.0/go.mod h1:ab1qPbhIpdTxEkNHXyeSf5vhxWSCs/tWer42PpOxQnU=
github.com/inconshreveable/mousetrap v1.0.0 h1:Z8tu5sraLXCXIcARxBp/8cbvlwVa7Z1NHg9XEKhtSvM=
github.com/inconshreveable/mousetrap v1.0.0/go.mod h1:PxqpIevigyE2G7u3NXJIT2ANytuPF1OarO4DADm73n8=
github.com/julienschmidt/httprouter v1.2.0 h1:TDTW5Yz1mjftljbcKqRcrYhd4XeOoI98t+9HbQbYf7g=
github.com/julienschmidt/httprouter v1.2.0/go.mod h1:SYymIcj16QtmaHHD7aYtjjsJG7VTCxuUUipMqKk8s4w=
github.com/leesper/go_rng v0.0.0-20171009123644-5344a9259b21/go.mod h1:N0SVk0uhy+E1PZ3C9ctsPRlvOPAFPkCNlcPBDkt0N3U=
github.com/msoap/byline v1.1.1 h1:imxWvm9wIHNGePF/peiOxcL1vgVLK3/qKsMW75XZn9c=
github.com/msoap/byline v1.1.1/go.mod h1:E2oCrXddpzrmu4NmrwEv4Qiyweo62Yp3+w3IN3X2sq8=
github.com/oliveagle/jsonpath v0.0.0-20180606110733-2e52cf6e6852 h1:Yl0tPBa8QPjGmesFh1D0rDy+q1Twx6FyU7VWHi8wZbI=
github.com/oliveagle/jsonpath v0.0.0-20180606110733-2e52cf6e6852/go.mod h1:eqOVx5Vwu4gd2mmMZvVZsgIqNSaW3xxRThUJ0k/TPk4=
github.com/onsi/ginkgo v1.6.0/go.mod h1:lLunBs/Ym6LB5Z9jYTR76FiuTmxDTDusOGeTQH+WWjE=
github.com/onsi/gomega v1.5.0/go.mod h1:ex+gbHU/CVuBBDIJjb2X0qEXbFg53c61hWP/1CpauHY=
github.com/pkg/errors v0.8.0/go.mod h1:bwawxfHBFNV+L2hUp1rHADufV3IMtnDRdf1r5NINEl0=
github.com/pkg/errors v0.8.1 h1:iURUrRGxPUNPdy5/HRSm+Yj6okJ6UtLINN0Q9M4+h3I=
github.com/pkg/errors v0.8.1/go.mod h1:bwawxfHBFNV+L2hUp1rHADufV3IMtnDRdf1r5NINEl0=
github.com/pmezard/go-difflib v1.0.0 h1:4DBwDE0NGyQoBHbLQYPwSUPoCMWR5BEzIk/f1lZbAQM=
github.com/pmezard/go-difflib v1.0.0/go.mod h1:iKH77koFhYxTK1pcRnkKkqfTogsbg7gZNVY4sRDYZ/4=
github.com/project-flogo/cli v0.9.0-rc.2 h1:rPHa4xnX3GZzjVGXhBhuN8t3/YdMpyX0hoGgOxNCX8Q=
github.com/project-flogo/cli v0.9.0-rc.2/go.mod h1:rBScDq+LWdU3fZOKjBwDIpanYPqCabL6oMQZThdxx+0=
github.com/project-flogo/contrib v0.9.0-alpha.4.0.20190509204259-4246269fb68e h1:mIk/AAkV4qCNjyO9Njj/BB90pvOIjLZAYJgjgFFxnsw=
github.com/project-flogo/contrib v0.9.0-alpha.4.0.20190509204259-4246269fb68e/go.mod h1:Kb5SnL/QUYZn6VevmylHjSLPNVa9B3jN53YeTF80iz4=
github.com/project-flogo/contrib/activity/channel v0.9.0-rc.1.0.20190509204259-4246269fb68e h1:OmgPoB1upNp0eY0+xwXwjSgpaLLmx2M4Up17hd/c1cM=
github.com/project-flogo/contrib/activity/channel v0.9.0-rc.1.0.20190509204259-4246269fb68e/go.mod h1:eNc5Yvo6Hv0obf2eL2FBmO7F8u5Max9MqdWe8IknjAc=
github.com/project-flogo/contrib/activity/counter v0.9.0-rc.1.0.20190509204259-4246269fb68e/go.mod h1:luwWo7dR6stBk9+0rKz1kjrMdFcCkNHaN2tCrVHCrR4=
github.com/project-flogo/contrib/activity/log v0.9.0-rc.1.0.20190509204259-4246269fb68e h1:zuoN/Oak9MfxrLh6fwmaeQygQAjSB7JVKj12lczQUys=
github.com/project-flogo/contrib/activity/log v0.9.0-rc.1.0.20190509204259-4246269fb68e/go.mod h1:vLsMeHqqlxod+KUcjbAhQPixrpyyO/MBuUp32eWVXCA=
github.com/project-flogo/contrib/activity/rest v0.9.0-rc.1.0.20190509204259-4246269fb68e h1:7PsA98NCY5zoqb6BPfKx7lcHVI1iKo05WXXd20BIsUU=
github.com/project-flogo/contrib/activity/rest v0.9.0-rc.1.0.20190509204259-4246269fb68e/go.mod h1:GXDiVb2CBMq0qryawBim3yqe6+WsUKKgQXxtqsWRJXI=
github.com/project-flogo/contrib/function/coerce v0.9.0-rc.2.0.20190509204259-4246269fb68e h1:qMG2+PVcJHUP1pmG8CeN4b51OeOBSAY1eiwp1IMEKX8=
github.com/project-flogo/contrib/function/coerce v0.9.0-rc.2.0.20190509204259-4246269fb68e/go.mod h1:MlKC7RbdMKvOF9jBcSlvCGD9fYifnT/POkAjj0ecKng=
github.com/project-flogo/contrib/function/json v0.9.0-rc.1.0.20190509204259-4246269fb68e h1:tmqedWFYxiSSZ9flV+1kr2NZZqpUwbAPkgJ1EhFLU1A=
github.com/project-flogo/contrib/function/json v0.9.0-rc.1.0.20190509204259-4246269fb68e/go.mod h1:uMQJIdMUbrWkGswErDa43WPi0QwGAl1uHH7Y2kPJ7E4=
github.com/project-flogo/contrib/function/number v0.9.0-rc.1.0.20190509204259-4246269fb68e h1:57Ky3CW5sXSpRX9sm18JasB1b/Abz6KtU77vNBuejhY=
github.com/project-flogo/contrib/function/number v0.9.0-rc.1.0.20190509204259-4246269fb68e/go.mod h1:jeEHt7SCtgCbk06BlIaGXmZxZxWjxUTjj2qH3UxcP2U=
github.com/project-flogo/contrib/function/string v0.9.0-rc.1.0.20190509204259-4246269fb68e h1:0wkh+EneA4Hm2tnjmrRbPt7tYPw42v0VRtwoxFreTko=
github.com/project-flogo/contrib/function/string v0.9.0-rc.1.0.20190509204259-4246269fb68e/go.mod h1:Clsc2IJwPsUyE27bt8udu4p91+B2uUsI5lrGkASb6Jw=
github.com/project-flogo/contrib/trigger/channel v0.0.0-20190509204259-4246269fb68e/go.mod h1:NFTw2z/H/Kv+0/dx4S2o8HMpy72/IzIlAbkv+aNW53U=
github.com/project-flogo/contrib/trigger/rest v0.9.0-rc.1.0.20190509204259-4246269fb68e h1:RA6QuudhioU+SnCu25Mvpc6fGBpmOw1+A09ZGk2mwzg=
github.com/project-flogo/contrib/trigger/rest v0.9.0-rc.1.0.20190509204259-4246269fb68e/go.mod h1:7p7G/LDunGCJDVI22Yn1U6GGT/JpCRvc3AzkPS4S4ss=
github.com/project-flogo/core v0.9.0-rc.2 h1:4aarcKrlyHMjwcoGgn34blDzwNRwBMr0/br8IEXp290=
github.com/project-flogo/core v0.9.0-rc.2/go.mod h1:dzmBbQfNNC0g0KClKYQxxGJLe53MHafg75Vhmw2TW8U=
github.com/project-flogo/core v0.9.2 h1:1j7d8e6ivwnhyRudeTRIZlr2XCNa+SERrmcrzKswr0Y=
github.com/project-flogo/core v0.9.2/go.mod h1:QGWi7TDLlhGUaYH3n/16ImCuulbEHGADYEXyrcHhX7U=
github.com/project-flogo/core v0.9.3-0.20190610180641-336db421a17a h1:AWdjAKP2Q+WB4HQXMtWiFz4E0jiDYiyuO8LKhwT2XeM=
github.com/project-flogo/core v0.9.3-0.20190610180641-336db421a17a/go.mod h1:QGWi7TDLlhGUaYH3n/16ImCuulbEHGADYEXyrcHhX7U=
github.com/project-flogo/microgateway v0.0.0-20190617210902-b0f3295927c1 h1:NFU/qjy4bPTe0fZAB3ujtve86dZTImXw4NrpTljQ9QY=
github.com/project-flogo/microgateway v0.0.0-20190617210902-b0f3295927c1/go.mod h1:Qd1wToeA6KRtF1RLEneEPQD1z8t34SHbqbUWMkRUZVs=
github.com/project-flogo/microgateway v0.0.0-20190618181709-35451b2db55e h1:Dtpx4YDq9m0h5sCetP513IuObsirMkNZjLUUnR4wczQ=
github.com/project-flogo/microgateway v0.0.0-20190618181709-35451b2db55e/go.mod h1:Qd1wToeA6KRtF1RLEneEPQD1z8t34SHbqbUWMkRUZVs=
github.com/project-flogo/microgateway v0.0.0-20190708190753-c54f135979ec h1:eXVxJahocu8UB0oN/cFxAzCMtMgkzG2FprnEUhgC56I=
github.com/project-flogo/microgateway v0.0.0-20190708190753-c54f135979ec/go.mod h1:Qd1wToeA6KRtF1RLEneEPQD1z8t34SHbqbUWMkRUZVs=
github.com/spf13/cobra v0.0.3 h1:ZlrZ4XsMRm04Fr5pSFxBgfND2EBVa1nLpiy1stUsX/8=
github.com/spf13/cobra v0.0.3/go.mod h1:1l0Ry5zgKvJasoi3XT1TypsSe7PqH0Sj9dhYf7v3XqQ=
github.com/spf13/pflag v1.0.3 h1:zPAT6CGy6wXeQ7NtTnaTerfKOsV6V6F8agHXFiazDkg=
github.com/spf13/pflag v1.0.3/go.mod h1:DYY7MBk1bdzusC3SYhjObp+wFpr4gzcvqqNjLnInEg4=
github.com/stretchr/objx v0.1.0 h1:4G4v2dO3VZwixGIRoQ5Lfboy6nUhCyYzaqnIAPPhYs4=
github.com/stretchr/objx v0.1.0/go.mod h1:HFkY916IF+rwdDfMAkV7OtwuqBVzrE8GR6GFx+wExME=
github.com/stretchr/objx v0.1.1 h1:2vfRuCMp5sSVIDSqO8oNnWJq7mPa6KVP3iPIwFBuy8A=
github.com/stretchr/objx v0.1.1/go.mod h1:HFkY916IF+rwdDfMAkV7OtwuqBVzrE8GR6GFx+wExME=
github.com/stretchr/testify v1.2.2/go.mod h1:a8OnRcib4nhh0OaRAV+Yts87kKdq0PP7pXfy6kDkUVs=
github.com/stretchr/testify v1.3.0 h1:TivCn/peBQ7UY8ooIcPgZFpTNSz0Q2U6UrFlUfqbe0Q=
github.com/stretchr/testify v1.3.0/go.mod h1:M5WIy9Dh21IEIfnGCwXGc5bZfKNJtfHm1UVUgZn+9EI=
github.com/ulule/limiter v2.2.0+incompatible h1:1SeOVtEtaMckX/1yBlsok6LLZjiUrZ33kF5FITMl3MU=
github.com/ulule/limiter v2.2.0+incompatible/go.mod h1:VJx/ZNGmClQDS5F6EmsGqK8j3jz1qJYZ6D9+MdAD+kw=
github.com/xeipuuv/gojsonpointer v0.0.0-20180127040702-4e3ac2762d5f h1:J9EGpcZtP0E/raorCMxlFGSTBrsSlaDGf3jU/qvAE2c=
github.com/xeipuuv/gojsonpointer v0.0.0-20180127040702-4e3ac2762d5f/go.mod h1:N2zxlSyiKSe5eX1tZViRH5QA0qijqEDrYZiPEAiq3wU=
github.com/xeipuuv/gojsonpointer v0.0.0-20190809123943-df4f5c81cb3b h1:6cLsL+2FW6dRAdl5iMtHgRogVCff0QpRi9653YmdcJA=
github.com/xeipuuv/gojsonpointer v0.0.0-20190809123943-df4f5c81cb3b/go.mod h1:N2zxlSyiKSe5eX1tZViRH5QA0qijqEDrYZiPEAiq3wU=
github.com/xeipuuv/gojsonreference v0.0.0-20180127040603-bd5ef7bd5415 h1:EzJWgHovont7NscjpAxXsDA8S8BMYve8Y5+7cuRE7R0=
github.com/xeipuuv/gojsonreference v0.0.0-20180127040603-bd5ef7bd5415/go.mod h1:GwrjFmJcFw6At/Gs6z4yjiIwzuJ1/+UwLxMQDVQXShQ=
github.com/xeipuuv/gojsonschema v1.1.0 h1:ngVtJC9TY/lg0AA/1k48FYhBrhRoFlEmWzsehpNAaZg=
github.com/xeipuuv/gojsonschema v1.1.0/go.mod h1:5yf86TLmAcydyeJq5YvxkGPE2fm/u4myDekKRoLuqhs=
github.com/xtgo/set v1.0.0/go.mod h1:d3NHzGzSa0NmB2NhFyECA+QdRp29oEn2xbT+TpeFoM8=
go.uber.org/atomic v1.4.0 h1:cxzIVoETapQEqDhQu3QfnvXAV4AlzcvUCxkVUFw3+EU=
go.uber.org/atomic v1.4.0/go.mod h1:gD2HeocX3+yG+ygLZcrzQJaqmWj9AIm7n08wl/qW/PE=
go.uber.org/multierr v1.1.0 h1:HoEmRHQPVSqub6w2z2d2EOVs2fjyFRGyofhKuyDq0QI=
go.uber.org/multierr v1.1.0/go.mod h1:wR5kodmAFQ0UK8QlbwjlSNy0Z68gJhDJUG5sjR94q/0=
go.uber.org/zap v1.9.1 h1:XCJQEf3W6eZaVwhRBof6ImoYGJSITeKWsyeh3HFu/5o=
go.uber.org/zap v1.9.1/go.mod h1:vwi/ZaCAaUcBkycHslxD9B2zi4UTXhF60s6SWpuDF0Q=
golang.org/x/crypto v0.0.0-20190308221718-c2843e01d9a2/go.mod h1:djNgcEr1/C05ACkg1iLfiJU5Ep61QUkGW8qpdssI0+w=
golang.org/x/exp v0.0.0-20181022080537-42ba7d4b6eb2/go.mod h1:CJ0aWSM057203Lf6IL+f9T1iT9GByDxfZKAQTCR3kQA=
golang.org/x/net v0.0.0-20180906233101-161cd47e91fd/go.mod h1:mL1N/T3taQHkDXs73rZJwtUhF3w3ftmwwsq0BUmARs4=
golang.org/x/net v0.0.0-20181023162649-9b4f9f5ad519/go.mod h1:mL1N/T3taQHkDXs73rZJwtUhF3w3ftmwwsq0BUmARs4=
golang.org/x/net v0.0.0-20190724013045-ca1201d0de80/go.mod h1:z5CRVTTTmAJ677TzLLGU+0bjPO0LkuOLi4/5GtJWs/s=
golang.org/x/sync v0.0.0-20180314180146-1d60e4601c6f/go.mod h1:RxMgew5VJxzue5/jJTE5uejpjVlOe/izrB70Jof72aM=
golang.org/x/sync v0.0.0-20190423024810-112230192c58/go.mod h1:RxMgew5VJxzue5/jJTE5uejpjVlOe/izrB70Jof72aM=
golang.org/x/sys v0.0.0-20180909124046-d0be0721c37e/go.mod h1:STP8DvDyc/dI5b8T5hshtkjS+E42TnysNCUPdjciGhY=
golang.org/x/sys v0.0.0-20190215142949-d0b11bdaac8a/go.mod h1:STP8DvDyc/dI5b8T5hshtkjS+E42TnysNCUPdjciGhY=
golang.org/x/sys v0.0.0-20190726091711-fc99dfbffb4e/go.mod h1:h1NjWce9XRLGQEsW7wpKNCjG9DtNlClVuFLEZdDNbEs=
golang.org/x/text v0.3.0/go.mod h1:NqM8EUOU14njkJ3fqMW+pc6Ldnwhi/IjpwHt7yyuwOQ=
golang.org/x/text v0.3.2/go.mod h1:bEr9sfX3Q8Zfm5fL9x+3itogRgK3+ptLWKqgva+5dAk=
golang.org/x/tools v0.0.0-20180917221912-90fa682c2a6e/go.mod h1:n7NCudcB/nEzxVGmLbDWY5pfWTLqBcC2KZ6jyYvM4mQ=
gonum.org/v1/gonum v0.0.0-20180622153253-e9e56344e335/go.mod h1:cucAdkem48eM79EG1fdGOGASXorNZIYAO9duTse+1cI=
gopkg.in/check.v1 v0.0.0-20161208181325-20d25e280405 h1:yhCVgyC4o1eVCa2tZl7eS0r+SDo693bJlVdllGtEeKM=
gopkg.in/check.v1 v0.0.0-20161208181325-20d25e280405/go.mod h1:Co6ibVJAznAaIkqp8huTwlJQCZ016jof/cbN4VW5Yz0=
gopkg.in/fsnotify.v1 v1.4.7/go.mod h1:Tz8NjZHkW78fSQdbUxIjBTcgA1z1m8ZHf0WmKUhAMys=
gopkg.in/tomb.v1 v1.0.0-20141024135613-dd632973f1e7/go.mod h1:dt/ZhP58zS4L8KSrWDmTeBkI65Dw0HsyUHuEVlX15mw=
gopkg.in/yaml.v2 v2.2.1/go.mod h1:hI93XBmqTisBFMUTm0b8Fm+jr3Dg1NNxqwp+5A1VGuI=
gopkg.in/yaml.v2 v2.2.2 h1:ZCJp+EgiOT7lHqUV2J862kp8Qj64Jo6az82+3Td9dZw=
gopkg.in/yaml.v2 v2.2.2/go.mod h1:hI93XBmqTisBFMUTm0b8Fm+jr3Dg1NNxqwp+5A1VGuI=
gopkg.in/yaml.v3 v3.0.0-20190709130402-674ba3eaed22 h1:0efs3hwEZhFKsCoP8l6dDB1AZWMgnEl3yWXWRZTOaEA=
gopkg.in/yaml.v3 v3.0.0-20190709130402-674ba3eaed22/go.mod h1:K4uyk7z7BCEPqu6E+C64Yfv1cQ7kz7rIZviUmN+EgEM=
gorgonia.org/cu v0.8.0/go.mod h1:RPEPIfaxxqUmeRe7T1T8a0NER+KxBI2McoLEXhP1Vd8=
gorgonia.org/dawson v1.0.0/go.mod h1:Px1mcziba8YUBIDsbzGwbKJ11uIblv/zkln4jNrZ9Ws=
gorgonia.org/gorgonia v0.9.0-beta/go.mod h1:qucT7YHm/2OuSHWEw/6Je/LQ5htRJNQJ1+qpB58fY8c=
gorgonia.org/tensor v0.9.0-beta/go.mod h1:05Y4laKuVlj4qFoZIZW1q/9n1jZkgDBOLmKXZdBLG1w=
gorgonia.org/vecf32 v0.0.0-20180224100446-da24147133d9/go.mod h1:iHG+kvTMqGYA0SgahfO2k62WRnxmHsqAREGbayRDzy8=
gorgonia.org/vecf64 v0.0.0-20180224100512-6314d1b6cefc/go.mod h1:1y4pmcSd+wh3phG+InwWQjYrqwyrtN9h27WLFVQfV1Q=
gotest.tools v2.2.0+incompatible h1:VsBPFP1AI068pPrMxtb/S8Zkgf9xEmTLJjfM+P5UIEo=
gotest.tools v2.2.0+incompatible/go.mod h1:DsYFclhRJ6vuDpmuTbkuFWG+y2sxOXAzmJt81HFBacw=
